// !$*UTF8*$!
{
	archiveVersion = 1;
	classes = {
	};
	objectVersion = 77;
	objects = {

/* Begin PBXBuildFile section */
		981C18632FD71081007DC070 /* Store Fix Extension.appex in Embed Foundation Extensions */ = {isa = PBXBuildFile; fileRef = 981C18622FD71081007DC070 /* Store Fix Extension.appex */; settings = {ATTRIBUTES = (RemoveHeadersOnCopy, ); }; };
		981C186D2FD71081007DC070 /* Store Fix Extension.appex in Embed Foundation Extensions */ = {isa = PBXBuildFile; fileRef = 981C186C2FD71081007DC070 /* Store Fix Extension.appex */; settings = {ATTRIBUTES = (RemoveHeadersOnCopy, ); }; };
/* End PBXBuildFile section */

/* Begin PBXContainerItemProxy section */
		981C18642FD71081007DC070 /* PBXContainerItemProxy */ = {
			isa = PBXContainerItemProxy;
			containerPortal = 981C18292FD7107F007DC070 /* Project object */;
			proxyType = 1;
			remoteGlobalIDString = 981C18612FD71081007DC070;
			remoteInfo = "Store Fix Extension (iOS)";
		};
		981C186E2FD71081007DC070 /* PBXContainerItemProxy */ = {
			isa = PBXContainerItemProxy;
			containerPortal = 981C18292FD7107F007DC070 /* Project object */;
			proxyType = 1;
			remoteGlobalIDString = 981C186B2FD71081007DC070;
			remoteInfo = "Store Fix Extension (macOS)";
		};
/* End PBXContainerItemProxy section */

/* Begin PBXCopyFilesBuildPhase section */
		981C18952FD71081007DC070 /* Embed Foundation Extensions */ = {
			isa = PBXCopyFilesBuildPhase;
			buildActionMask = 2147483647;
			dstPath = "";
			dstSubfolderSpec = 13;
			files = (
				981C18632FD71081007DC070 /* Store Fix Extension.appex in Embed Foundation Extensions */,
			);
			name = "Embed Foundation Extensions";
			runOnlyForDeploymentPostprocessing = 0;
		};
		981C189F2FD71081007DC070 /* Embed Foundation Extensions */ = {
			isa = PBXCopyFilesBuildPhase;
			buildActionMask = 2147483647;
			dstPath = "";
			dstSubfolderSpec = 13;
			files = (
				981C186D2FD71081007DC070 /* Store Fix Extension.appex in Embed Foundation Extensions */,
			);
			name = "Embed Foundation Extensions";
			runOnlyForDeploymentPostprocessing = 0;
		};
/* End PBXCopyFilesBuildPhase section */

/* Begin PBXFileReference section */
		981C18452FD71081007DC070 /* Store Fix.app */ = {isa = PBXFileReference; explicitFileType = wrapper.application; includeInIndex = 0; path = "Store Fix.app"; sourceTree = BUILT_PRODUCTS_DIR; };
		981C18572FD71081007DC070 /* Store Fix.app */ = {isa = PBXFileReference; explicitFileType = wrapper.application; includeInIndex = 0; path = "Store Fix.app"; sourceTree = BUILT_PRODUCTS_DIR; };
		981C18622FD71081007DC070 /* Store Fix Extension.appex */ = {isa = PBXFileReference; explicitFileType = "wrapper.app-extension"; includeInIndex = 0; path = "Store Fix Extension.appex"; sourceTree = BUILT_PRODUCTS_DIR; };
		981C186C2FD71081007DC070 /* Store Fix Extension.appex */ = {isa = PBXFileReference; explicitFileType = "wrapper.app-extension"; includeInIndex = 0; path = "Store Fix Extension.appex"; sourceTree = BUILT_PRODUCTS_DIR; };
/* End PBXFileReference section */

/* Begin PBXFileSystemSynchronizedBuildFileExceptionSet section */
		981C18902FD71081007DC070 /* Exceptions for "Shared (App)" folder in "Store Fix (iOS)" target */ = {
			isa = PBXFileSystemSynchronizedBuildFileExceptionSet;
			membershipExceptions = (
				"/Localized: Resources/Main.html",
				Assets.xcassets,
				Resources/Icon.png,
				Resources/Script.js,
				Resources/Style.css,
				ViewController.swift,
			);
			target = 981C18442FD71081007DC070 /* Store Fix (iOS) */;
		};
		981C18942FD71081007DC070 /* Exceptions for "iOS (Extension)" folder in "Store Fix Extension (iOS)" target */ = {
			isa = PBXFileSystemSynchronizedBuildFileExceptionSet;
			membershipExceptions = (
				Info.plist,
			);
			target = 981C18612FD71081007DC070 /* Store Fix Extension (iOS) */;
		};
		981C18992FD71081007DC070 /* Exceptions for "iOS (App)" folder in "Store Fix (iOS)" target */ = {
			isa = PBXFileSystemSynchronizedBuildFileExceptionSet;
			membershipExceptions = (
				Info.plist,
			);
			target = 981C18442FD71081007DC070 /* Store Fix (iOS) */;
		};
		981C189A2FD71081007DC070 /* Exceptions for "Shared (App)" folder in "Store Fix (macOS)" target */ = {
			isa = PBXFileSystemSynchronizedBuildFileExceptionSet;
			membershipExceptions = (
				"/Localized: Resources/Main.html",
				Assets.xcassets,
				Resources/Icon.png,
				Resources/Script.js,
				Resources/Style.css,
				ViewController.swift,
			);
			target = 981C18562FD71081007DC070 /* Store Fix (macOS) */;
		};
		981C189E2FD71081007DC070 /* Exceptions for "macOS (Extension)" folder in "Store Fix Extension (macOS)" target */ = {
			isa = PBXFileSystemSynchronizedBuildFileExceptionSet;
			membershipExceptions = (
				Info.plist,
			);
			target = 981C186B2FD71081007DC070 /* Store Fix Extension (macOS) */;
		};
		981C18A32FD71081007DC070 /* Exceptions for "Shared (Extension)" folder in "Store Fix Extension (iOS)" target */ = {
			isa = PBXFileSystemSynchronizedBuildFileExceptionSet;
			membershipExceptions = (
				Resources/_locales,
				"Resources/app-store-url.js",
				Resources/background.js,
				Resources/content.js,
				"Resources/force-open.html",
				"Resources/force-open.js",
				Resources/images,
				Resources/manifest.json,
				Resources/popup.css,
				Resources/popup.html,
				Resources/popup.js,
				"Resources/region-failed.html",
				"Resources/region-failed.js",
				Resources/rules,
				"Resources/store-regions.js",
				SafariWebExtensionHandler.swift,
			);
			target = 981C18612FD71081007DC070 /* Store Fix Extension (iOS) */;
		};
		981C18A42FD71081007DC070 /* Exceptions for "Shared (Extension)" folder in "Store Fix Extension (macOS)" target */ = {
			isa = PBXFileSystemSynchronizedBuildFileExceptionSet;
			membershipExceptions = (
				Resources/_locales,
				"Resources/app-store-url.js",
				Resources/background.js,
				Resources/content.js,
				"Resources/force-open.html",
				"Resources/force-open.js",
				Resources/images,
				Resources/manifest.json,
				Resources/popup.css,
				Resources/popup.html,
				Resources/popup.js,
				"Resources/region-failed.html",
				"Resources/region-failed.js",
				Resources/rules,
				"Resources/store-regions.js",
				SafariWebExtensionHandler.swift,
			);
			target = 981C186B2FD71081007DC070 /* Store Fix Extension (macOS) */;
		};
/* End PBXFileSystemSynchronizedBuildFileExceptionSet section */

/* Begin PBXFileSystemSynchronizedRootGroup section */
		981C182D2FD71080007DC070 /* Shared (App) */ = {
			isa = PBXFileSystemSynchronizedRootGroup;
			exceptions = (
				981C18902FD71081007DC070 /* Exceptions for "Shared (App)" folder in "Store Fix (iOS)" target */,
				981C189A2FD71081007DC070 /* Exceptions for "Shared (App)" folder in "Store Fix (macOS)" target */,
			);
			path = "Shared (App)";
			sourceTree = "<group>";
		};
		981C18362FD71081007DC070 /* Shared (Extension) */ = {
			isa = PBXFileSystemSynchronizedRootGroup;
			exceptions = (
				981C18A32FD71081007DC070 /* Exceptions for "Shared (Extension)" folder in "Store Fix Extension (iOS)" target */,
				981C18A42FD71081007DC070 /* Exceptions for "Shared (Extension)" folder in "Store Fix Extension (macOS)" target */,
			);
			explicitFolders = (
				Resources/_locales,
				Resources/images,
				Resources/rules,
			);
			path = "Shared (Extension)";
			sourceTree = "<group>";
		};
		981C18472FD71081007DC070 /* iOS (App) */ = {
			isa = PBXFileSystemSynchronizedRootGroup;
			exceptions = (
				981C18992FD71081007DC070 /* Exceptions for "iOS (App)" folder in "Store Fix (iOS)" target */,
			);
			path = "iOS (App)";
			sourceTree = "<group>";
		};
		981C18582FD71081007DC070 /* macOS (App) */ = {
			isa = PBXFileSystemSynchronizedRootGroup;
			path = "macOS (App)";
			sourceTree = "<group>";
		};
		981C18662FD71081007DC070 /* iOS (Extension) */ = {
			isa = PBXFileSystemSynchronizedRootGroup;
			exceptions = (
				981C18942FD71081007DC070 /* Exceptions for "iOS (Extension)" folder in "Store Fix Extension (iOS)" target */,
			);
			path = "iOS (Extension)";
			sourceTree = "<group>";
		};
		981C18702FD71081007DC070 /* macOS (Extension) */ = {
			isa = PBXFileSystemSynchronizedRootGroup;
			exceptions = (
				981C189E2FD71081007DC070 /* Exceptions for "macOS (Extension)" folder in "Store Fix Extension (macOS)" target */,
			);
			path = "macOS (Extension)";
			sourceTree = "<group>";
		};
/* End PBXFileSystemSynchronizedRootGroup section */

/* Begin PBXFrameworksBuildPhase section */
		981C18422FD71081007DC070 /* Frameworks */ = {
			isa = PBXFrameworksBuildPhase;
			buildActionMask = 2147483647;
			files = (
			);
			runOnlyForDeploymentPostprocessing = 0;
		};
		981C18542FD71081007DC070 /* Frameworks */ = {
			isa = PBXFrameworksBuildPhase;
			buildActionMask = 2147483647;
			files = (
			);
			runOnlyForDeploymentPostprocessing = 0;
		};
		981C185F2FD71081007DC070 /* Frameworks */ = {
			isa = PBXFrameworksBuildPhase;
			buildActionMask = 2147483647;
			files = (
			);
			runOnlyForDeploymentPostprocessing = 0;
		};
		981C18692FD71081007DC070 /* Frameworks */ = {
			isa = PBXFrameworksBuildPhase;
			buildActionMask = 2147483647;
			files = (
			);
			runOnlyForDeploymentPostprocessing = 0;
		};
/* End PBXFrameworksBuildPhase section */

/* Begin PBXGroup section */
		981C18282FD7107F007DC070 = {
			isa = PBXGroup;
			children = (
				981C182D2FD71080007DC070 /* Shared (App) */,
				981C18362FD71081007DC070 /* Shared (Extension) */,
				981C18472FD71081007DC070 /* iOS (App) */,
				981C18582FD71081007DC070 /* macOS (App) */,
				981C18662FD71081007DC070 /* iOS (Extension) */,
				981C18702FD71081007DC070 /* macOS (Extension) */,
				981C18462FD71081007DC070 /* Products */,
			);
			sourceTree = "<group>";
		};
		981C18462FD71081007DC070 /* Products */ = {
			isa = PBXGroup;
			children = (
				981C18452FD71081007DC070 /* Store Fix.app */,
				981C18572FD71081007DC070 /* Store Fix.app */,
				981C18622FD71081007DC070 /* Store Fix Extension.appex */,
				981C186C2FD71081007DC070 /* Store Fix Extension.appex */,
			);
			name = Products;
			sourceTree = "<group>";
		};
/* End PBXGroup section */

/* Begin PBXNativeTarget section */
		981C18442FD71081007DC070 /* Store Fix (iOS) */ = {
			isa = PBXNativeTarget;
			buildConfigurationList = 981C18962FD71081007DC070 /* Build configuration list for PBXNativeTarget "Store Fix (iOS)" */;
			buildPhases = (
				981C18412FD71081007DC070 /* Sources */,
				981C18422FD71081007DC070 /* Frameworks */,
				981C18432FD71081007DC070 /* Resources */,
				981C18952FD71081007DC070 /* Embed Foundation Extensions */,
			);
			buildRules = (
			);
			dependencies = (
				981C18652FD71081007DC070 /* PBXTargetDependency */,
			);
			fileSystemSynchronizedGroups = (
				981C18472FD71081007DC070 /* iOS (App) */,
			);
			name = "Store Fix (iOS)";
			packageProductDependencies = (
			);
			productName = "Store Fix (iOS)";
			productReference = 981C18452FD71081007DC070 /* Store Fix.app */;
			productType = "com.apple.product-type.application";
		};
		981C18562FD71081007DC070 /* Store Fix (macOS) */ = {
			isa = PBXNativeTarget;
			buildConfigurationList = 981C18A02FD71081007DC070 /* Build configuration list for PBXNativeTarget "Store Fix (macOS)" */;
			buildPhases = (
				981C18532FD71081007DC070 /* Sources */,
				981C18542FD71081007DC070 /* Frameworks */,
				981C18552FD71081007DC070 /* Resources */,
				981C189F2FD71081007DC070 /* Embed Foundation Extensions */,
			);
			buildRules = (
			);
			dependencies = (
				981C186F2FD71081007DC070 /* PBXTargetDependency */,
			);
			fileSystemSynchronizedGroups = (
				981C18582FD71081007DC070 /* macOS (App) */,
			);
			name = "Store Fix (macOS)";
			packageProductDependencies = (
			);
			productName = "Store Fix (macOS)";
			productReference = 981C18572FD71081007DC070 /* Store Fix.app */;
			productType = "com.apple.product-type.application";
		};
		981C18612FD71081007DC070 /* Store Fix Extension (iOS) */ = {
			isa = PBXNativeTarget;
			buildConfigurationList = 981C18912FD71081007DC070 /* Build configuration list for PBXNativeTarget "Store Fix Extension (iOS)" */;
			buildPhases = (
				981C185E2FD71081007DC070 /* Sources */,
				981C185F2FD71081007DC070 /* Frameworks */,
				981C18602FD71081007DC070 /* Resources */,
			);
			buildRules = (
			);
			dependencies = (
			);
			fileSystemSynchronizedGroups = (
				981C18662FD71081007DC070 /* iOS (Extension) */,
			);
			name = "Store Fix Extension (iOS)";
			packageProductDependencies = (
			);
			productName = "Store Fix Extension (iOS)";
			productReference = 981C18622FD71081007DC070 /* Store Fix Extension.appex */;
			productType = "com.apple.product-type.app-extension";
		};
		981C186B2FD71081007DC070 /* Store Fix Extension (macOS) */ = {
			isa = PBXNativeTarget;
			buildConfigurationList = 981C189B2FD71081007DC070 /* Build configuration list for PBXNativeTarget "Store Fix Extension (macOS)" */;
			buildPhases = (
				981C18682FD71081007DC070 /* Sources */,
				981C18692FD71081007DC070 /* Frameworks */,
				981C186A2FD71081007DC070 /* Resources */,
			);
			buildRules = (
			);
			dependencies = (
			);
			fileSystemSynchronizedGroups = (
				981C18702FD71081007DC070 /* macOS (Extension) */,
			);
			name = "Store Fix Extension (macOS)";
			packageProductDependencies = (
			);
			productName = "Store Fix Extension (macOS)";
			productReference = 981C186C2FD71081007DC070 /* Store Fix Extension.appex */;
			productType = "com.apple.product-type.app-extension";
		};
/* End PBXNativeTarget section */

/* Begin PBXProject section */
		981C18292FD7107F007DC070 /* Project object */ = {
			isa = PBXProject;
			attributes = {
				BuildIndependentTargetsInParallel = 1;
				LastSwiftUpdateCheck = 2630;
				LastUpgradeCheck = 2630;
				TargetAttributes = {
					981C18442FD71081007DC070 = {
						CreatedOnToolsVersion = 26.3;
					};
					981C18562FD71081007DC070 = {
						CreatedOnToolsVersion = 26.3;
					};
					981C18612FD71081007DC070 = {
						CreatedOnToolsVersion = 26.3;
					};
					981C186B2FD71081007DC070 = {
						CreatedOnToolsVersion = 26.3;
					};
				};
			};
			buildConfigurationList = 981C182C2FD7107F007DC070 /* Build configuration list for PBXProject "Store Fix" */;
			developmentRegion = en;
			hasScannedForEncodings = 0;
			knownRegions = (
				en,
				Base,
			);
			mainGroup = 981C18282FD7107F007DC070;
			minimizedProjectReferenceProxies = 1;
			preferredProjectObjectVersion = 77;
			productRefGroup = 981C18462FD71081007DC070 /* Products */;
			projectDirPath = "";
			projectRoot = "";
			targets = (
				981C18442FD71081007DC070 /* Store Fix (iOS) */,
				981C18562FD71081007DC070 /* Store Fix (macOS) */,
				981C18612FD71081007DC070 /* Store Fix Extension (iOS) */,
				981C186B2FD71081007DC070 /* Store Fix Extension (macOS) */,
			);
		};
/* End PBXProject section */

/* Begin PBXResourcesBuildPhase section */
		981C18432FD71081007DC070 /* Resources */ = {
			isa = PBXResourcesBuildPhase;
			buildActionMask = 2147483647;
			files = (
			);
			runOnlyForDeploymentPostprocessing = 0;
		};
		981C18552FD71081007DC070 /* Resources */ = {
			isa = PBXResourcesBuildPhase;
			buildActionMask = 2147483647;
			files = (
			);
			runOnlyForDeploymentPostprocessing = 0;
		};
		981C18602FD71081007DC070 /* Resources */ = {
			isa = PBXResourcesBuildPhase;
			buildActionMask = 2147483647;
			files = (
			);
			runOnlyForDeploymentPostprocessing = 0;
		};
		981C186A2FD71081007DC070 /* Resources */ = {
			isa = PBXResourcesBuildPhase;
			buildActionMask = 2147483647;
			files = (
			);
			runOnlyForDeploymentPostprocessing = 0;
		};
/* End PBXResourcesBuildPhase section */

/* Begin PBXSourcesBuildPhase section */
		981C18412FD71081007DC070 /* Sources */ = {
			isa = PBXSourcesBuildPhase;
			buildActionMask = 2147483647;
			files = (
			);
			runOnlyForDeploymentPostprocessing = 0;
		};
		981C18532FD71081007DC070 /* Sources */ = {
			isa = PBXSourcesBuildPhase;
			buildActionMask = 2147483647;
			files = (
			);
			runOnlyForDeploymentPostprocessing = 0;
		};
		981C185E2FD71081007DC070 /* Sources */ = {
			isa = PBXSourcesBuildPhase;
			buildActionMask = 2147483647;
			files = (
			);
			runOnlyForDeploymentPostprocessing = 0;
		};
		981C18682FD71081007DC070 /* Sources */ = {
			isa = PBXSourcesBuildPhase;
			buildActionMask = 2147483647;
			files = (
			);
			runOnlyForDeploymentPostprocessing = 0;
		};
/* End PBXSourcesBuildPhase section */

/* Begin PBXTargetDependency section */
		981C18652FD71081007DC070 /* PBXTargetDependency */ = {
			isa = PBXTargetDependency;
			target = 981C18612FD71081007DC070 /* Store Fix Extension (iOS) */;
			targetProxy = 981C18642FD71081007DC070 /* PBXContainerItemProxy */;
		};
		981C186F2FD71081007DC070 /* PBXTargetDependency */ = {
			isa = PBXTargetDependency;
			target = 981C186B2FD71081007DC070 /* Store Fix Extension (macOS) */;
			targetProxy = 981C186E2FD71081007DC070 /* PBXContainerItemProxy */;
		};
/* End PBXTargetDependency section */

/* Begin XCBuildConfiguration section */
		981C18922FD71081007DC070 /* Debug */ = {
			isa = XCBuildConfiguration;
			buildSettings = {
				CODE_SIGN_STYLE = Automatic;
				CURRENT_PROJECT_VERSION = 2026061002;
				DEVELOPMENT_TEAM = 9P895LY647;
				GENERATE_INFOPLIST_FILE = YES;
				INFOPLIST_FILE = "iOS (Extension)/Info.plist";
				INFOPLIST_KEY_CFBundleDisplayName = "Store Fix Extension";
				INFOPLIST_KEY_NSHumanReadableCopyright = "";
				IPHONEOS_DEPLOYMENT_TARGET = 15.0;
				LD_RUNPATH_SEARCH_PATHS = (
					"$(inherited)",
					"@executable_path/Frameworks",
					"@executable_path/../../Frameworks",
				);
				MARKETING_VERSION = 1.0;
				OTHER_LDFLAGS = (
					"-framework",
					SafariServices,
				);
				PRODUCT_BUNDLE_IDENTIFIER = "com.HyperartFlow.Store-Fix.Extension";
				PRODUCT_NAME = "Store Fix Extension";
				SDKROOT = iphoneos;
				SKIP_INSTALL = YES;
				STRING_CATALOG_GENERATE_SYMBOLS = YES;
				SWIFT_APPROACHABLE_CONCURRENCY = YES;
				SWIFT_EMIT_LOC_STRINGS = YES;
				SWIFT_UPCOMING_FEATURE_MEMBER_IMPORT_VISIBILITY = YES;
				SWIFT_VERSION = 5.0;
				TARGETED_DEVICE_FAMILY = "1,2";
			};
			name = Debug;
		};
		981C18932FD71081007DC070 /* Release */ = {
			isa = XCBuildConfiguration;
			buildSettings = {
				CODE_SIGN_STYLE = Automatic;
				CURRENT_PROJECT_VERSION = 2026061002;
				DEVELOPMENT_TEAM = 9P895LY647;
				GENERATE_INFOPLIST_FILE = YES;
				INFOPLIST_FILE = "iOS (Extension)/Info.plist";
				INFOPLIST_KEY_CFBundleDisplayName = "Store Fix Extension";
				INFOPLIST_KEY_NSHumanReadableCopyright = "";
				IPHONEOS_DEPLOYMENT_TARGET = 15.0;
				LD_RUNPATH_SEARCH_PATHS = (
					"$(inherited)",
					"@executable_path/Frameworks",
					"@executable_path/../../Frameworks",
				);
				MARKETING_VERSION = 1.0;
				OTHER_LDFLAGS = (
					"-framework",
					SafariServices,
				);
				PRODUCT_BUNDLE_IDENTIFIER = "com.HyperartFlow.Store-Fix.Extension";
				PRODUCT_NAME = "Store Fix Extension";
				SDKROOT = iphoneos;
				SKIP_INSTALL = YES;
				STRING_CATALOG_GENERATE_SYMBOLS = YES;
				SWIFT_APPROACHABLE_CONCURRENCY = YES;
				SWIFT_EMIT_LOC_STRINGS = YES;
				SWIFT_UPCOMING_FEATURE_MEMBER_IMPORT_VISIBILITY = YES;
				SWIFT_VERSION = 5.0;
				TARGETED_DEVICE_FAMILY = "1,2";
				VALIDATE_PRODUCT = YES;
			};
			name = Release;
		};
		981C18972FD71081007DC070 /* Debug */ = {
			isa = XCBuildConfiguration;
			buildSettings = {
				ASSETCATALOG_COMPILER_APPICON_NAME = AppIcon;
				ASSETCATALOG_COMPILER_GLOBAL_ACCENT_COLOR_NAME = AccentColor;
				CODE_SIGN_STYLE = Automatic;
				CURRENT_PROJECT_VERSION = 2026061201;
				DEVELOPMENT_TEAM = 9P895LY647;
				GENERATE_INFOPLIST_FILE = YES;
				INFOPLIST_FILE = "iOS (App)/Info.plist";
				INFOPLIST_KEY_CFBundleDisplayName = "Store Fix";
				INFOPLIST_KEY_LSApplicationCategoryType = "public.app-category.utilities";
				INFOPLIST_KEY_UIApplicationSupportsIndirectInputEvents = YES;
				INFOPLIST_KEY_UILaunchStoryboardName = LaunchScreen;
				INFOPLIST_KEY_UISupportedInterfaceOrientations = "UIInterfaceOrientationPortrait UIInterfaceOrientationLandscapeLeft UIInterfaceOrientationLandscapeRight";
				INFOPLIST_KEY_UISupportedInterfaceOrientations_iPad = "UIInterfaceOrientationPortrait UIInterfaceOrientationPortraitUpsideDown UIInterfaceOrientationLandscapeLeft UIInterfaceOrientationLandscapeRight";
				IPHONEOS_DEPLOYMENT_TARGET = 15.0;
				LD_RUNPATH_SEARCH_PATHS = (
					"$(inherited)",
					"@executable_path/Frameworks",
				);
				MARKETING_VERSION = 1.0;
				OTHER_LDFLAGS = (
					"-framework",
					SafariServices,
					"-framework",
					WebKit,
				);
				PRODUCT_BUNDLE_IDENTIFIER = "com.HyperartFlow.Store-Fix";
				PRODUCT_NAME = "Store Fix";
				SDKROOT = iphoneos;
				STRING_CATALOG_GENERATE_SYMBOLS = YES;
				SWIFT_APPROACHABLE_CONCURRENCY = YES;
				SWIFT_DEFAULT_ACTOR_ISOLATION = MainActor;
				SWIFT_EMIT_LOC_STRINGS = YES;
				SWIFT_UPCOMING_FEATURE_MEMBER_IMPORT_VISIBILITY = YES;
				SWIFT_VERSION = 5.0;
				TARGETED_DEVICE_FAMILY = "1,2";
			};
			name = Debug;
		};
		981C18982FD71081007DC070 /* Release */ = {
			isa = XCBuildConfiguration;
			buildSettings = {
				ASSETCATALOG_COMPILER_APPICON_NAME = AppIcon;
				ASSETCATALOG_COMPILER_GLOBAL_ACCENT_COLOR_NAME = AccentColor;
				CODE_SIGN_STYLE = Automatic;
				CURRENT_PROJECT_VERSION = 2026061201;
				DEVELOPMENT_TEAM = 9P895LY647;
				GENERATE_INFOPLIST_FILE = YES;
				INFOPLIST_FILE = "iOS (App)/Info.plist";
				INFOPLIST_KEY_CFBundleDisplayName = "Store Fix";
				INFOPLIST_KEY_LSApplicationCategoryType = "public.app-category.utilities";
				INFOPLIST_KEY_UIApplicationSupportsIndirectInputEvents = YES;
				INFOPLIST_KEY_UILaunchStoryboardName = LaunchScreen;
				INFOPLIST_KEY_UISupportedInterfaceOrientations = "UIInterfaceOrientationPortrait UIInterfaceOrientationLandscapeLeft UIInterfaceOrientationLandscapeRight";
				INFOPLIST_KEY_UISupportedInterfaceOrientations_iPad = "UIInterfaceOrientationPortrait UIInterfaceOrientationPortraitUpsideDown UIInterfaceOrientationLandscapeLeft UIInterfaceOrientationLandscapeRight";
				IPHONEOS_DEPLOYMENT_TARGET = 15.0;
				LD_RUNPATH_SEARCH_PATHS = (
					"$(inherited)",
					"@executable_path/Frameworks",
				);
				MARKETING_VERSION = 1.0;
				OTHER_LDFLAGS = (
					"-framework",
					SafariServices,
					"-framework",
					WebKit,
				);
				PRODUCT_BUNDLE_IDENTIFIER = "com.HyperartFlow.Store-Fix";
				PRODUCT_NAME = "Store Fix";
				SDKROOT = iphoneos;
				STRING_CATALOG_GENERATE_SYMBOLS = YES;
				SWIFT_APPROACHABLE_CONCURRENCY = YES;
				SWIFT_DEFAULT_ACTOR_ISOLATION = MainActor;
				SWIFT_EMIT_LOC_STRINGS = YES;
				SWIFT_UPCOMING_FEATURE_MEMBER_IMPORT_VISIBILITY = YES;
				SWIFT_VERSION = 5.0;
				TARGETED_DEVICE_FAMILY = "1,2";
				VALIDATE_PRODUCT = YES;
			};
			name = Release;
		};
		981C189C2FD71081007DC070 /* Debug */ = {
			isa = XCBuildConfiguration;
			buildSettings = {
				CODE_SIGN_STYLE = Automatic;
				CURRENT_PROJECT_VERSION = 2026061002;
				DEVELOPMENT_TEAM = 9P895LY647;
				ENABLE_APP_SANDBOX = YES;
				ENABLE_HARDENED_RUNTIME = YES;
				ENABLE_USER_SELECTED_FILES = readonly;
				GENERATE_INFOPLIST_FILE = YES;
				INFOPLIST_FILE = "macOS (Extension)/Info.plist";
				INFOPLIST_KEY_CFBundleDisplayName = "Store Fix Extension";
				INFOPLIST_KEY_NSHumanReadableCopyright = "";
				LD_RUNPATH_SEARCH_PATHS = (
					"$(inherited)",
					"@executable_path/../Frameworks",
					"@executable_path/../../../../Frameworks",
				);
				MACOSX_DEPLOYMENT_TARGET = 10.14;
				MARKETING_VERSION = 1.0;
				OTHER_LDFLAGS = (
					"-framework",
					SafariServices,
				);
				PRODUCT_BUNDLE_IDENTIFIER = "com.HyperartFlow.Store-Fix.Extension";
				PRODUCT_NAME = "Store Fix Extension";
				SDKROOT = macosx;
				SKIP_INSTALL = YES;
				STRING_CATALOG_GENERATE_SYMBOLS = YES;
				SWIFT_APPROACHABLE_CONCURRENCY = YES;
				SWIFT_EMIT_LOC_STRINGS = YES;
				SWIFT_UPCOMING_FEATURE_MEMBER_IMPORT_VISIBILITY = YES;
				SWIFT_VERSION = 5.0;
			};
			name = Debug;
		};
		981C189D2FD71081007DC070 /* Release */ = {
			isa = XCBuildConfiguration;
			buildSettings = {
				CODE_SIGN_STYLE = Automatic;
				CURRENT_PROJECT_VERSION = 2026061002;
				DEVELOPMENT_TEAM = 9P895LY647;
				ENABLE_APP_SANDBOX = YES;
				ENABLE_HARDENED_RUNTIME = YES;
				ENABLE_USER_SELECTED_FILES = readonly;
				GENERATE_INFOPLIST_FILE = YES;
				INFOPLIST_FILE = "macOS (Extension)/Info.plist";
				INFOPLIST_KEY_CFBundleDisplayName = "Store Fix Extension";
				INFOPLIST_KEY_NSHumanReadableCopyright = "";
				LD_RUNPATH_SEARCH_PATHS = (
					"$(inherited)",
					"@executable_path/../Frameworks",
					"@executable_path/../../../../Frameworks",
				);
				MACOSX_DEPLOYMENT_TARGET = 10.14;
				MARKETING_VERSION = 1.0;
				OTHER_LDFLAGS = (
					"-framework",
					SafariServices,
				);
				PRODUCT_BUNDLE_IDENTIFIER = "com.HyperartFlow.Store-Fix.Extension";
				PRODUCT_NAME = "Store Fix Extension";
				SDKROOT = macosx;
				SKIP_INSTALL = YES;
				STRING_CATALOG_GENERATE_SYMBOLS = YES;
				SWIFT_APPROACHABLE_CONCURRENCY = YES;
				SWIFT_EMIT_LOC_STRINGS = YES;
				SWIFT_UPCOMING_FEATURE_MEMBER_IMPORT_VISIBILITY = YES;
				SWIFT_VERSION = 5.0;
			};
			name = Release;
		};
		981C18A12FD71081007DC070 /* Debug */ = {
			isa = XCBuildConfiguration;
			buildSettings = {
				ASSETCATALOG_COMPILER_APPICON_NAME = AppIcon;
				ASSETCATALOG_COMPILER_GLOBAL_ACCENT_COLOR_NAME = AccentColor;
				CODE_SIGN_STYLE = Automatic;
				CURRENT_PROJECT_VERSION = 2026061002;
				DEVELOPMENT_TEAM = 9P895LY647;
				ENABLE_APP_SANDBOX = YES;
				ENABLE_HARDENED_RUNTIME = YES;
				ENABLE_OUTGOING_NETWORK_CONNECTIONS = YES;
				ENABLE_USER_SELECTED_FILES = readonly;
				GENERATE_INFOPLIST_FILE = YES;
				INFOPLIST_KEY_CFBundleDisplayName = "Store Fix";
				INFOPLIST_KEY_LSApplicationCategoryType = "public.app-category.utilities";
				INFOPLIST_KEY_NSMainStoryboardFile = Main;
				INFOPLIST_KEY_NSPrincipalClass = NSApplication;
				LD_RUNPATH_SEARCH_PATHS = (
					"$(inherited)",
					"@executable_path/../Frameworks",
				);
				MACOSX_DEPLOYMENT_TARGET = 10.14;
				MARKETING_VERSION = 1.0;
				OTHER_LDFLAGS = (
					"-framework",
					SafariServices,
					"-framework",
					WebKit,
				);
				PRODUCT_BUNDLE_IDENTIFIER = "com.HyperartFlow.Store-Fix";
				PRODUCT_NAME = "Store Fix";
				REGISTER_APP_GROUPS = YES;
				SDKROOT = macosx;
				STRING_CATALOG_GENERATE_SYMBOLS = YES;
				SWIFT_APPROACHABLE_CONCURRENCY = YES;
				SWIFT_DEFAULT_ACTOR_ISOLATION = MainActor;
				SWIFT_EMIT_LOC_STRINGS = YES;
				SWIFT_UPCOMING_FEATURE_MEMBER_IMPORT_VISIBILITY = YES;
				SWIFT_VERSION = 5.0;
			};
			name = Debug;
		};
		981C18A22FD71081007DC070 /* Release */ = {
			isa = XCBuildConfiguration;
			buildSettings = {
				ASSETCATALOG_COMPILER_APPICON_NAME = AppIcon;
				ASSETCATALOG_COMPILER_GLOBAL_ACCENT_COLOR_NAME = AccentColor;
				CODE_SIGN_STYLE = Automatic;
				CURRENT_PROJECT_VERSION = 2026061002;
				DEVELOPMENT_TEAM = 9P895LY647;
				ENABLE_APP_SANDBOX = YES;
				ENABLE_HARDENED_RUNTIME = YES;
				ENABLE_OUTGOING_NETWORK_CONNECTIONS = YES;
				ENABLE_USER_SELECTED_FILES = readonly;
				GENERATE_INFOPLIST_FILE = YES;
				INFOPLIST_KEY_CFBundleDisplayName = "Store Fix";
				INFOPLIST_KEY_LSApplicationCategoryType = "public.app-category.utilities";
				INFOPLIST_KEY_NSMainStoryboardFile = Main;
				INFOPLIST_KEY_NSPrincipalClass = NSApplication;
				LD_RUNPATH_SEARCH_PATHS = (
					"$(inherited)",
					"@executable_path/../Frameworks",
				);
				MACOSX_DEPLOYMENT_TARGET = 10.14;
				MARKETING_VERSION = 1.0;
				OTHER_LDFLAGS = (
					"-framework",
					SafariServices,
					"-framework",
					WebKit,
				);
				PRODUCT_BUNDLE_IDENTIFIER = "com.HyperartFlow.Store-Fix";
				PRODUCT_NAME = "Store Fix";
				REGISTER_APP_GROUPS = YES;
				SDKROOT = macosx;
				STRING_CATALOG_GENERATE_SYMBOLS = YES;
				SWIFT_APPROACHABLE_CONCURRENCY = YES;
				SWIFT_DEFAULT_ACTOR_ISOLATION = MainActor;
				SWIFT_EMIT_LOC_STRINGS = YES;
				SWIFT_UPCOMING_FEATURE_MEMBER_IMPORT_VISIBILITY = YES;
				SWIFT_VERSION = 5.0;
			};
			name = Release;
		};
		981C18A52FD71081007DC070 /* Debug */ = {
			isa = XCBuildConfiguration;
			buildSettings = {
				ALWAYS_SEARCH_USER_PATHS = NO;
				ASSETCATALOG_COMPILER_GENERATE_SWIFT_ASSET_SYMBOL_EXTENSIONS = YES;
				CLANG_ANALYZER_NONNULL = YES;
				CLANG_ANALYZER_NUMBER_OBJECT_CONVERSION = YES_AGGRESSIVE;
				CLANG_CXX_LANGUAGE_STANDARD = "gnu++20";
				CLANG_ENABLE_MODULES = YES;
				CLANG_ENABLE_OBJC_ARC = YES;
				CLANG_ENABLE_OBJC_WEAK = YES;
				CLANG_WARN_BLOCK_CAPTURE_AUTORELEASING = YES;
				CLANG_WARN_BOOL_CONVERSION = YES;
				CLANG_WARN_COMMA = YES;
				CLANG_WARN_CONSTANT_CONVERSION = YES;
				CLANG_WARN_DEPRECATED_OBJC_IMPLEMENTATIONS = YES;
				CLANG_WARN_DIRECT_OBJC_ISA_USAGE = YES_ERROR;
				CLANG_WARN_DOCUMENTATION_COMMENTS = YES;
				CLANG_WARN_EMPTY_BODY = YES;
				CLANG_WARN_ENUM_CONVERSION = YES;
				CLANG_WARN_INFINITE_RECURSION = YES;
				CLANG_WARN_INT_CONVERSION = YES;
				CLANG_WARN_NON_LITERAL_NULL_CONVERSION = YES;
				CLANG_WARN_OBJC_IMPLICIT_RETAIN_SELF = YES;
				CLANG_WARN_OBJC_LITERAL_CONVERSION = YES;
				CLANG_WARN_OBJC_ROOT_CLASS = YES_ERROR;
				CLANG_WARN_QUOTED_INCLUDE_IN_FRAMEWORK_HEADER = YES;
				CLANG_WARN_RANGE_LOOP_ANALYSIS = YES;
				CLANG_WARN_STRICT_PROTOTYPES = YES;
				CLANG_WARN_SUSPICIOUS_MOVE = YES;
				CLANG_WARN_UNGUARDED_AVAILABILITY = YES_AGGRESSIVE;
				CLANG_WARN_UNREACHABLE_CODE = YES;
				CLANG_WARN__DUPLICATE_METHOD_MATCH = YES;
				COPY_PHASE_STRIP = NO;
				DEBUG_INFORMATION_FORMAT = dwarf;
				DEVELOPMENT_TEAM = 9P895LY647;
				ENABLE_STRICT_OBJC_MSGSEND = YES;
				ENABLE_TESTABILITY = YES;
				ENABLE_USER_SCRIPT_SANDBOXING = YES;
				GCC_C_LANGUAGE_STANDARD = gnu17;
				GCC_DYNAMIC_NO_PIC = NO;
				GCC_NO_COMMON_BLOCKS = YES;
				GCC_OPTIMIZATION_LEVEL = 0;
				GCC_PREPROCESSOR_DEFINITIONS = (
					"DEBUG=1",
					"$(inherited)",
				);
				GCC_WARN_64_TO_32_BIT_CONVERSION = YES;
				GCC_WARN_ABOUT_RETURN_TYPE = YES_ERROR;
				GCC_WARN_UNDECLARED_SELECTOR = YES;
				GCC_WARN_UNINITIALIZED_AUTOS = YES_AGGRESSIVE;
				GCC_WARN_UNUSED_FUNCTION = YES;
				GCC_WARN_UNUSED_VARIABLE = YES;
				LOCALIZATION_PREFERS_STRING_CATALOGS = YES;
				MTL_ENABLE_DEBUG_INFO = INCLUDE_SOURCE;
				MTL_FAST_MATH = YES;
				ONLY_ACTIVE_ARCH = YES;
				SWIFT_ACTIVE_COMPILATION_CONDITIONS = "DEBUG $(inherited)";
				SWIFT_OPTIMIZATION_LEVEL = "-Onone";
			};
			name = Debug;
		};
		981C18A62FD71081007DC070 /* Release */ = {
			isa = XCBuildConfiguration;
			buildSettings = {
				ALWAYS_SEARCH_USER_PATHS = NO;
				ASSETCATALOG_COMPILER_GENERATE_SWIFT_ASSET_SYMBOL_EXTENSIONS = YES;
				CLANG_ANALYZER_NONNULL = YES;
				CLANG_ANALYZER_NUMBER_OBJECT_CONVERSION = YES_AGGRESSIVE;
				CLANG_CXX_LANGUAGE_STANDARD = "gnu++20";
				CLANG_ENABLE_MODULES = YES;
				CLANG_ENABLE_OBJC_ARC = YES;
				CLANG_ENABLE_OBJC_WEAK = YES;
				CLANG_WARN_BLOCK_CAPTURE_AUTORELEASING = YES;
				CLANG_WARN_BOOL_CONVERSION = YES;
				CLANG_WARN_COMMA = YES;
				CLANG_WARN_CONSTANT_CONVERSION = YES;
				CLANG_WARN_DEPRECATED_OBJC_IMPLEMENTATIONS = YES;
				CLANG_WARN_DIRECT_OBJC_ISA_USAGE = YES_ERROR;
				CLANG_WARN_DOCUMENTATION_COMMENTS = YES;
				CLANG_WARN_EMPTY_BODY = YES;
				CLANG_WARN_ENUM_CONVERSION = YES;
				CLANG_WARN_INFINITE_RECURSION = YES;
				CLANG_WARN_INT_CONVERSION = YES;
				CLANG_WARN_NON_LITERAL_NULL_CONVERSION = YES;
				CLANG_WARN_OBJC_IMPLICIT_RETAIN_SELF = YES;
				CLANG_WARN_OBJC_LITERAL_CONVERSION = YES;
				CLANG_WARN_OBJC_ROOT_CLASS = YES_ERROR;
				CLANG_WARN_QUOTED_INCLUDE_IN_FRAMEWORK_HEADER = YES;
				CLANG_WARN_RANGE_LOOP_ANALYSIS = YES;
				CLANG_WARN_STRICT_PROTOTYPES = YES;
				CLANG_WARN_SUSPICIOUS_MOVE = YES;
				CLANG_WARN_UNGUARDED_AVAILABILITY = YES_AGGRESSIVE;
				CLANG_WARN_UNREACHABLE_CODE = YES;
				CLANG_WARN__DUPLICATE_METHOD_MATCH = YES;
				COPY_PHASE_STRIP = NO;
				DEBUG_INFORMATION_FORMAT = "dwarf-with-dsym";
				DEVELOPMENT_TEAM = 9P895LY647;
				ENABLE_NS_ASSERTIONS = NO;
				ENABLE_STRICT_OBJC_MSGSEND = YES;
				ENABLE_USER_SCRIPT_SANDBOXING = YES;
				GCC_C_LANGUAGE_STANDARD = gnu17;
				GCC_NO_COMMON_BLOCKS = YES;
				GCC_WARN_64_TO_32_BIT_CONVERSION = YES;
				GCC_WARN_ABOUT_RETURN_TYPE = YES_ERROR;
				GCC_WARN_UNDECLARED_SELECTOR = YES;
				GCC_WARN_UNINITIALIZED_AUTOS = YES_AGGRESSIVE;
				GCC_WARN_UNUSED_FUNCTION = YES;
				GCC_WARN_UNUSED_VARIABLE = YES;
				LOCALIZATION_PREFERS_STRING_CATALOGS = YES;
				MTL_ENABLE_DEBUG_INFO = NO;
				MTL_FAST_MATH = YES;
				SWIFT_COMPILATION_MODE = wholemodule;
			};
			name = Release;
		};
/* End XCBuildConfiguration section */

/* Begin XCConfigurationList section */
		981C182C2FD7107F007DC070 /* Build configuration list for PBXProject "Store Fix" */ = {
			isa = XCConfigurationList;
			buildConfigurations = (
				981C18A52FD71081007DC070 /* Debug */,
				981C18A62FD71081007DC070 /* Release */,
			);
			defaultConfigurationIsVisible = 0;
			defaultConfigurationName = Release;
		};
		981C18912FD71081007DC070 /* Build configuration list for PBXNativeTarget "Store Fix Extension (iOS)" */ = {
			isa = XCConfigurationList;
			buildConfigurations = (
				981C18922FD71081007DC070 /* Debug */,
				981C18932FD71081007DC070 /* Release */,
			);
			defaultConfigurationIsVisible = 0;
			defaultConfigurationName = Release;
		};
		981C18962FD71081007DC070 /* Build configuration list for PBXNativeTarget "Store Fix (iOS)" */ = {
			isa = XCConfigurationList;
			buildConfigurations = (
				981C18972FD71081007DC070 /* Debug */,
				981C18982FD71081007DC070 /* Release */,
			);
			defaultConfigurationIsVisible = 0;
			defaultConfigurationName = Release;
		};
		981C189B2FD71081007DC070 /* Build configuration list for PBXNativeTarget "Store Fix Extension (macOS)" */ = {
			isa = XCConfigurationList;
			buildConfigurations = (
				981C189C2FD71081007DC070 /* Debug */,
				981C189D2FD71081007DC070 /* Release */,
			);
			defaultConfigurationIsVisible = 0;
			defaultConfigurationName = Release;
		};
		981C18A02FD71081007DC070 /* Build configuration list for PBXNativeTarget "Store Fix (macOS)" */ = {
			isa = XCConfigurationList;
			buildConfigurations = (
				981C18A12FD71081007DC070 /* Debug */,
				981C18A22FD71081007DC070 /* Release */,
			);
			defaultConfigurationIsVisible = 0;
			defaultConfigurationName = Release;
		};
/* End XCConfigurationList section */
	};
	rootObject = 981C18292FD7107F007DC070 /* Project object */;
}
